
Microsoft Visual Studio Solution File, Format Version 12.00
# Visual Studio Version 17
VisualStudioVersion = 17.1.32421.90
MinimumVisualStudioVersion = 10.0.40219.1
Project("{9A19103F-16F7-4668-BE54-9A1E7A4F7556}") = "NetCoreNetwork", "NetCoreNetworkLibrary\NetCoreNetwork.csproj", "{211CDDDA-8940-4578-BA22-EE95110A7779}"
EndProject
Project("{FAE04EC0-301F-11D3-BF4B-00C04F79EFBC}") = "NetCoreNetworkDemo", "NetCoreNetworkDemo\NetCoreNetworkDemo.csproj", "{AEA9B6EE-4430-4A37-840E-F9358A494D82}"
EndProject
Global
	GlobalSection(SolutionConfigurationPlatforms) = preSolution
		Debug|Any CPU = Debug|Any CPU
		Release|Any CPU = Release|Any CPU
	EndGlobalSection
	GlobalSection(ProjectConfigurationPlatforms) = postSolution
		{211CDDDA-8940-4578-BA22-EE95110A7779}.Debug|Any CPU.ActiveCfg = Debug|Any CPU
		{211CDDDA-8940-4578-BA22-EE95110A7779}.Debug|Any CPU.Build.0 = Debug|Any CPU
		{211CDDDA-8940-4578-BA22-EE95110A7779}.Release|Any CPU.ActiveCfg = Release|Any CPU
		{211CDDDA-8940-4578-BA22-EE95110A7779}.Release|Any CPU.Build.0 = Release|Any CPU
		{AEA9B6EE-4430-4A37-840E-F9358A494D82}.Debug|Any CPU.ActiveCfg = Debug|Any CPU
		{AEA9B6EE-4430-4A37-840E-F9358A494D82}.Debug|Any CPU.Build.0 = Debug|Any CPU
		{AEA9B6EE-4430-4A37-840E-F9358A494D82}.Release|Any CPU.ActiveCfg = Release|Any CPU
		{AEA9B6EE-4430-4A37-840E-F9358A494D82}.Release|Any CPU.Build.0 = Release|Any CPU
	EndGlobalSection
	GlobalSection(SolutionProperties) = preSolution
		HideSolutionNode = FALSE
	EndGlobalSection
	GlobalSection(ExtensibilityGlobals) = postSolution
		SolutionGuid = {828964F3-CA2B-4D84-857F-F9197AB80DD0}
	EndGlobalSection
EndGlobal
